
Microsoft Visual Studio Solution File, Format Version 12.00
# Visual Studio Version 17
VisualStudioVersion = 17.0.31903.59
MinimumVisualStudioVersion = 10.0.40219.1
Project("{FAE04EC0-301F-11D3-BF4B-00C04F79EFBC}") = "UserService.Api", "UserService.Api\UserService.Api.csproj", "{EFC94C89-0FEF-4C42-AE49-60F4E8B5CC56}"
EndProject
Project("{FAE04EC0-301F-11D3-BF4B-00C04F79EFBC}") = "UserService.Application", "UserService.Application\UserService.Application.csproj", "{52CE92C5-10BF-4414-8B42-A597602A3019}"
EndProject
Project("{FAE04EC0-301F-11D3-BF4B-00C04F79EFBC}") = "UserService.DataAccess", "UserService.DataAccess\UserService.DataAccess.csproj", "{952BC4A3-4954-4645-949B-C4F4451177BE}"
EndProject
Global
	GlobalSection(SolutionConfigurationPlatforms) = preSolution
		Debug|Any CPU = Debug|Any CPU
		Release|Any CPU = Release|Any CPU
	EndGlobalSection
	GlobalSection(SolutionProperties) = preSolution
		HideSolutionNode = FALSE
	EndGlobalSection
	GlobalSection(ProjectConfigurationPlatforms) = postSolution
		{EFC94C89-0FEF-4C42-AE49-60F4E8B5CC56}.Debug|Any CPU.ActiveCfg = Debug|Any CPU
		{EFC94C89-0FEF-4C42-AE49-60F4E8B5CC56}.Debug|Any CPU.Build.0 = Debug|Any CPU
		{EFC94C89-0FEF-4C42-AE49-60F4E8B5CC56}.Release|Any CPU.ActiveCfg = Release|Any CPU
		{EFC94C89-0FEF-4C42-AE49-60F4E8B5CC56}.Release|Any CPU.Build.0 = Release|Any CPU
		{52CE92C5-10BF-4414-8B42-A597602A3019}.Debug|Any CPU.ActiveCfg = Debug|Any CPU
		{52CE92C5-10BF-4414-8B42-A597602A3019}.Debug|Any CPU.Build.0 = Debug|Any CPU
		{52CE92C5-10BF-4414-8B42-A597602A3019}.Release|Any CPU.ActiveCfg = Release|Any CPU
		{52CE92C5-10BF-4414-8B42-A597602A3019}.Release|Any CPU.Build.0 = Release|Any CPU
		{952BC4A3-4954-4645-949B-C4F4451177BE}.Debug|Any CPU.ActiveCfg = Debug|Any CPU
		{952BC4A3-4954-4645-949B-C4F4451177BE}.Debug|Any CPU.Build.0 = Debug|Any CPU
		{952BC4A3-4954-4645-949B-C4F4451177BE}.Release|Any CPU.ActiveCfg = Release|Any CPU
		{952BC4A3-4954-4645-949B-C4F4451177BE}.Release|Any CPU.Build.0 = Release|Any CPU
	EndGlobalSection
EndGlobal
